
Microsoft Visual Studio Solution File, Format Version 12.00
# Visual Studio 15
VisualStudioVersion = 15.0.28307.1000
MinimumVisualStudioVersion = 10.0.40219.1
Project("{FAE04EC0-301F-11D3-BF4B-00C04F79EFBC}") = "Lab_2", "Lab_2\Lab_2.csproj", "{E9F0544E-63A7-4E27-9C34-559A0DB78E3F}"
EndProject
Global
	GlobalSection(SolutionConfigurationPlatforms) = preSolution
		Debug|Any CPU = Debug|Any CPU
		Release|Any CPU = Release|Any CPU
	EndGlobalSection
	GlobalSection(ProjectConfigurationPlatforms) = postSolution
		{E9F0544E-63A7-4E27-9C34-559A0DB78E3F}.Debug|Any CPU.ActiveCfg = Debug|Any CPU
		{E9F0544E-63A7-4E27-9C34-559A0DB78E3F}.Debug|Any CPU.Build.0 = Debug|Any CPU
		{E9F0544E-63A7-4E27-9C34-559A0DB78E3F}.Release|Any CPU.ActiveCfg = Release|Any CPU
		{E9F0544E-63A7-4E27-9C34-559A0DB78E3F}.Release|Any CPU.Build.0 = Release|Any CPU
	EndGlobalSection
	GlobalSection(SolutionProperties) = preSolution
		HideSolutionNode = FALSE
	EndGlobalSection
	GlobalSection(ExtensibilityGlobals) = postSolution
		SolutionGuid = {745BF879-0B21-4F54-8D92-DF36C60A30F3}
	EndGlobalSection
EndGlobal
